
Microsoft Visual Studio Solution File, Format Version 12.00
# Visual Studio Version 16
VisualStudioVersion = 16.0.30804.86
MinimumVisualStudioVersion = 10.0.40219.1
Project("{FAE04EC0-301F-11D3-BF4B-00C04F79EFBC}") = "POO", "POO\POO.csproj", "{286DC815-46A2-474B-81A4-9920A9DF308E}"
EndProject
Global
	GlobalSection(SolutionConfigurationPlatforms) = preSolution
		Debug|Any CPU = Debug|Any CPU
		Release|Any CPU = Release|Any CPU
	EndGlobalSection
	GlobalSection(ProjectConfigurationPlatforms) = postSolution
		{286DC815-46A2-474B-81A4-9920A9DF308E}.Debug|Any CPU.ActiveCfg = Debug|Any CPU
		{286DC815-46A2-474B-81A4-9920A9DF308E}.Debug|Any CPU.Build.0 = Debug|Any CPU
		{286DC815-46A2-474B-81A4-9920A9DF308E}.Release|Any CPU.ActiveCfg = Release|Any CPU
		{286DC815-46A2-474B-81A4-9920A9DF308E}.Release|Any CPU.Build.0 = Release|Any CPU
	EndGlobalSection
	GlobalSection(SolutionProperties) = preSolution
		HideSolutionNode = FALSE
	EndGlobalSection
	GlobalSection(ExtensibilityGlobals) = postSolution
		SolutionGuid = {2FD5153B-AD04-4E4E-B0F5-218E13E963BA}
	EndGlobalSection
EndGlobal
